
Microsoft Visual Studio Solution File, Format Version 12.00
# Visual Studio Version 17
VisualStudioVersion = 17.2.32526.322
MinimumVisualStudioVersion = 10.0.40219.1
Project("{9A19103F-16F7-4668-BE54-9A1E7A4F7556}") = "Tetris", "Tetris.csproj", "{D10B4CAB-8F92-4D91-B7EC-FB8108366444}"
EndProject
Project("{2150E333-8FDC-42A3-9474-1A3956D46DE8}") = "Solution Items", "Solution Items", "{AC9E541B-B533-4ACB-B55D-03E6EBFF3225}"
	ProjectSection(SolutionItems) = preProject
		Class1.cs = Class1.cs
	EndProjectSection
EndProject
Global
	GlobalSection(SolutionConfigurationPlatforms) = preSolution
		Debug|Any CPU = Debug|Any CPU
		Release|Any CPU = Release|Any CPU
	EndGlobalSection
	GlobalSection(ProjectConfigurationPlatforms) = postSolution
		{D10B4CAB-8F92-4D91-B7EC-FB8108366444}.Debug|Any CPU.ActiveCfg = Debug|Any CPU
		{D10B4CAB-8F92-4D91-B7EC-FB8108366444}.Debug|Any CPU.Build.0 = Debug|Any CPU
		{D10B4CAB-8F92-4D91-B7EC-FB8108366444}.Release|Any CPU.ActiveCfg = Release|Any CPU
		{D10B4CAB-8F92-4D91-B7EC-FB8108366444}.Release|Any CPU.Build.0 = Release|Any CPU
	EndGlobalSection
	GlobalSection(SolutionProperties) = preSolution
		HideSolutionNode = FALSE
	EndGlobalSection
	GlobalSection(ExtensibilityGlobals) = postSolution
		SolutionGuid = {0882F573-9357-456E-A7D0-391BE67E72CD}
	EndGlobalSection
EndGlobal
